
Microsoft Visual Studio Solution File, Format Version 12.00
# Visual Studio Version 17
VisualStudioVersion = 17.10.34916.146
MinimumVisualStudioVersion = 10.0.40219.1
Project("{FAE04EC0-301F-11D3-BF4B-00C04F79EFBC}") = "ESH.MauiLogin", "ESH.MauiLogin\ESH.MauiLogin.csproj", "{81603A9D-79B4-43D4-B533-5B3B1D6B2B2E}"
EndProject
Global
	GlobalSection(SolutionConfigurationPlatforms) = preSolution
		Debug|Any CPU = Debug|Any CPU
		Release|Any CPU = Release|Any CPU
	EndGlobalSection
	GlobalSection(ProjectConfigurationPlatforms) = postSolution
		{81603A9D-79B4-43D4-B533-5B3B1D6B2B2E}.Debug|Any CPU.ActiveCfg = Debug|Any CPU
		{81603A9D-79B4-43D4-B533-5B3B1D6B2B2E}.Debug|Any CPU.Build.0 = Debug|Any CPU
		{81603A9D-79B4-43D4-B533-5B3B1D6B2B2E}.Debug|Any CPU.Deploy.0 = Debug|Any CPU
		{81603A9D-79B4-43D4-B533-5B3B1D6B2B2E}.Release|Any CPU.ActiveCfg = Release|Any CPU
		{81603A9D-79B4-43D4-B533-5B3B1D6B2B2E}.Release|Any CPU.Build.0 = Release|Any CPU
		{81603A9D-79B4-43D4-B533-5B3B1D6B2B2E}.Release|Any CPU.Deploy.0 = Release|Any CPU
	EndGlobalSection
	GlobalSection(SolutionProperties) = preSolution
		HideSolutionNode = FALSE
	EndGlobalSection
	GlobalSection(ExtensibilityGlobals) = postSolution
		SolutionGuid = {84873B55-39EC-45CC-BED8-4B9FA8E87564}
	EndGlobalSection
EndGlobal
